
Microsoft Visual Studio Solution File, Format Version 12.00
# Visual Studio 15
Project("{FAE04EC0-301F-11D3-BF4B-00C04F79EFBC}") = "Assembly-CSharp", "Assembly-CSharp.csproj", "{8EABABFB-4DC2-7EBB-F94E-6A19A8552FEE}"
EndProject
Project("{FAE04EC0-301F-11D3-BF4B-00C04F79EFBC}") = "Assembly-CSharp-Editor", "Assembly-CSharp-Editor.csproj", "{F26DBDAC-B8B4-68BB-FFB8-4F6C60D7AA13}"
EndProject
Global
	GlobalSection(SolutionConfigurationPlatforms) = preSolution
		Debug|Any CPU = Debug|Any CPU
		Release|Any CPU = Release|Any CPU
	EndGlobalSection
	GlobalSection(ProjectConfigurationPlatforms) = postSolution
		{8EABABFB-4DC2-7EBB-F94E-6A19A8552FEE}.Debug|Any CPU.ActiveCfg = Debug|Any CPU
		{8EABABFB-4DC2-7EBB-F94E-6A19A8552FEE}.Debug|Any CPU.Build.0 = Debug|Any CPU
		{8EABABFB-4DC2-7EBB-F94E-6A19A8552FEE}.Release|Any CPU.ActiveCfg = Release|Any CPU
		{8EABABFB-4DC2-7EBB-F94E-6A19A8552FEE}.Release|Any CPU.Build.0 = Release|Any CPU
		{F26DBDAC-B8B4-68BB-FFB8-4F6C60D7AA13}.Debug|Any CPU.ActiveCfg = Debug|Any CPU
		{F26DBDAC-B8B4-68BB-FFB8-4F6C60D7AA13}.Debug|Any CPU.Build.0 = Debug|Any CPU
		{F26DBDAC-B8B4-68BB-FFB8-4F6C60D7AA13}.Release|Any CPU.ActiveCfg = Release|Any CPU
		{F26DBDAC-B8B4-68BB-FFB8-4F6C60D7AA13}.Release|Any CPU.Build.0 = Release|Any CPU
	EndGlobalSection
	GlobalSection(SolutionProperties) = preSolution
		HideSolutionNode = FALSE
	EndGlobalSection
EndGlobal
